
Microsoft Visual Studio Solution File, Format Version 12.00
# Visual Studio Version 16
VisualStudioVersion = 16.0.33130.400
MinimumVisualStudioVersion = 10.0.40219.1
Project("{F2A71F9B-5D33-465A-A702-920D77279786}") = "FSharp_Learn", "FSharp_Learn.fsproj", "{0AC2AE0F-4B56-4F80-B919-8ED076415F95}"
EndProject
Global
	GlobalSection(SolutionConfigurationPlatforms) = preSolution
		Debug|Any CPU = Debug|Any CPU
		Release|Any CPU = Release|Any CPU
	EndGlobalSection
	GlobalSection(ProjectConfigurationPlatforms) = postSolution
		{0AC2AE0F-4B56-4F80-B919-8ED076415F95}.Debug|Any CPU.ActiveCfg = Debug|Any CPU
		{0AC2AE0F-4B56-4F80-B919-8ED076415F95}.Debug|Any CPU.Build.0 = Debug|Any CPU
		{0AC2AE0F-4B56-4F80-B919-8ED076415F95}.Release|Any CPU.ActiveCfg = Release|Any CPU
		{0AC2AE0F-4B56-4F80-B919-8ED076415F95}.Release|Any CPU.Build.0 = Release|Any CPU
	EndGlobalSection
	GlobalSection(SolutionProperties) = preSolution
		HideSolutionNode = FALSE
	EndGlobalSection
	GlobalSection(ExtensibilityGlobals) = postSolution
		SolutionGuid = {0B5708D4-7100-4F86-80EB-BC1E04BBEB95}
	EndGlobalSection
EndGlobal
